
Microsoft Visual Studio Solution File, Format Version 12.00
# Visual Studio Version 17
VisualStudioVersion = 17.7.34024.191
MinimumVisualStudioVersion = 10.0.40219.1
Project("{FAE04EC0-301F-11D3-BF4B-00C04F79EFBC}") = "interprocess_communication", "interprocess_communication\interprocess_communication.csproj", "{5E4A2CCB-E660-4F6C-9CD9-ED0666ADCF29}"
EndProject
Global
	GlobalSection(SolutionConfigurationPlatforms) = preSolution
		Debug|Any CPU = Debug|Any CPU
		Release|Any CPU = Release|Any CPU
	EndGlobalSection
	GlobalSection(ProjectConfigurationPlatforms) = postSolution
		{5E4A2CCB-E660-4F6C-9CD9-ED0666ADCF29}.Debug|Any CPU.ActiveCfg = Debug|Any CPU
		{5E4A2CCB-E660-4F6C-9CD9-ED0666ADCF29}.Debug|Any CPU.Build.0 = Debug|Any CPU
		{5E4A2CCB-E660-4F6C-9CD9-ED0666ADCF29}.Release|Any CPU.ActiveCfg = Release|Any CPU
		{5E4A2CCB-E660-4F6C-9CD9-ED0666ADCF29}.Release|Any CPU.Build.0 = Release|Any CPU
	EndGlobalSection
	GlobalSection(SolutionProperties) = preSolution
		HideSolutionNode = FALSE
	EndGlobalSection
	GlobalSection(ExtensibilityGlobals) = postSolution
		SolutionGuid = {5A26BAFD-E7AF-477A-AABF-96B0C7B4FDEC}
	EndGlobalSection
EndGlobal
